schema: '2.0'
stages:
  preprocess:
    cmd: python preprocess.py
    deps:
    - path: data/wine_data_raw.csv
      hash: md5
      md5: 8305ad12adc54ba0fb0e7c3279c599c5
      size: 292287
    - path: preprocess.py
      hash: md5
      md5: 3542240677ed78742e0eaa897fec7bdc
      size: 1515
    outs:
    - path: data/test_data.csv
      hash: md5
      md5: 92dd32f842c5eaa811ab43969e67723d
      size: 47470
    - path: data/train_data.csv
      hash: md5
      md5: 29c6140bdfc41131ef9cb46f0646ff58
      size: 188977
  train:
    cmd: python train.py
    deps:
    - path: data/train_data.csv
      hash: md5
      md5: 29c6140bdfc41131ef9cb46f0646ff58
      size: 188977
    - path: train.py
      hash: md5
      md5: c0e81a772a9b0a975046c04d8d0a31ff
      size: 904
    outs:
    - path: models/train/model.joblib
      hash: md5
      md5: 9c828dc3f8d0e9f3be5ca9df6177a8f7
      size: 2079
  tune:
    cmd: python tune.py
    deps:
    - path: data/test_data.csv
      hash: md5
      md5: 92dd32f842c5eaa811ab43969e67723d
      size: 47470
    - path: data/train_data.csv
      hash: md5
      md5: 29c6140bdfc41131ef9cb46f0646ff58
      size: 188977
    - path: tune.py
      hash: md5
      md5: c05417caf2238ee26d7eee27831adf5d
      size: 2309
    outs:
    - path: models/tune/
      hash: md5
      md5: a9d1f0a565c458356d2567ecb89c2fc7.dir
      size: 5088900
      nfiles: 4
